// !$*UTF8*$!
{
	archiveVersion = 1;
	classes = {
	};
	objectVersion = 46;
	objects = {

/* Begin PBXBuildFile section */
		C63AC1A51E838BB70094B1C5 /* fishhook.c in Sources */ = {isa = PBXBuildFile; fileRef = C63AC1A21E838BB70094B1C5 /* fishhook.c */; };
		C63AC1A61E838BB70094B1C5 /* fishhook.h in Headers */ = {isa = PBXBuildFile; fileRef = C63AC1A31E838BB70094B1C5 /* fishhook.h */; };
		C63AC1AA1E8392210094B1C5 /* IPAPatchBypassAntiDebugging.h in Headers */ = {isa = PBXBuildFile; fileRef = C63AC1A81E8392210094B1C5 /* IPAPatchBypassAntiDebugging.h */; };
		C63AC1AB1E8392210094B1C5 /* IPAPatchBypassAntiDebugging.m in Sources */ = {isa = PBXBuildFile; fileRef = C63AC1A91E8392210094B1C5 /* IPAPatchBypassAntiDebugging.m */; };
		C64288391E7BF9E900C0BBB0 /* ProjectConfigurationWarning.cpp in Sources */ = {isa = PBXBuildFile; fileRef = C64288371E7BF9E900C0BBB0 /* ProjectConfigurationWarning.cpp */; };
		C69959701E83C4B4008DBCE6 /* Cycript.framework in Frameworks */ = {isa = PBXBuildFile; fileRef = C699596F1E83C4B4008DBCE6 /* Cycript.framework */; };
		C69959731E83C4F9008DBCE6 /* libc++.tbd in Frameworks */ = {isa = PBXBuildFile; fileRef = C69959721E83C4F9008DBCE6 /* libc++.tbd */; };
		C69959751E83C500008DBCE6 /* JavaScriptCore.framework in Frameworks */ = {isa = PBXBuildFile; fileRef = C69959741E83C500008DBCE6 /* JavaScriptCore.framework */; };
		C69959771E83C508008DBCE6 /* libsqlite3.tbd in Frameworks */ = {isa = PBXBuildFile; fileRef = C69959761E83C508008DBCE6 /* libsqlite3.tbd */; };
		C69959791E83C87E008DBCE6 /* UIKit.framework in Frameworks */ = {isa = PBXBuildFile; fileRef = C69959781E83C87E008DBCE6 /* UIKit.framework */; };
		C6B263271E7BC9DF009B4DEA /* IPAPatchEntry.h in Headers */ = {isa = PBXBuildFile; fileRef = C6B263251E7BC9DF009B4DEA /* IPAPatchEntry.h */; };
		C6B263281E7BC9DF009B4DEA /* IPAPatchEntry.mm in Sources */ = {isa = PBXBuildFile; fileRef = C6B263261E7BC9DF009B4DEA /* IPAPatchEntry.mm */; };
		C6B2634D1E7BCB31009B4DEA /* main.m in Sources */ = {isa = PBXBuildFile; fileRef = C6B2634C1E7BCB31009B4DEA /* main.m */; };
		C6B263501E7BCB31009B4DEA /* AppDelegate.m in Sources */ = {isa = PBXBuildFile; fileRef = C6B2634F1E7BCB31009B4DEA /* AppDelegate.m */; };
		DA1543331EA99B2800C2EE0B /* libc++.1.tbd in Frameworks */ = {isa = PBXBuildFile; fileRef = DA1543321EA99B2800C2EE0B /* libc++.1.tbd */; };
		DA1543341EA99B3100C2EE0B /* libc++.tbd in Frameworks */ = {isa = PBXBuildFile; fileRef = C69959721E83C4F9008DBCE6 /* libc++.tbd */; };
		DA1543361EA99B3A00C2EE0B /* libc++abi.tbd in Frameworks */ = {isa = PBXBuildFile; fileRef = DA1543351EA99B3A00C2EE0B /* libc++abi.tbd */; };
		DA1543371EA99B4600C2EE0B /* libstdc++.6.0.9.tbd in Frameworks */ = {isa = PBXBuildFile; fileRef = DACB93811E8A721F006CDCF8 /* libstdc++.6.0.9.tbd */; };
		DA1543391EA99B4B00C2EE0B /* libstdc++.6.tbd in Frameworks */ = {isa = PBXBuildFile; fileRef = DA1543381EA99B4B00C2EE0B /* libstdc++.6.tbd */; };
		DA15433B1EA99B5100C2EE0B /* libstdc++.tbd in Frameworks */ = {isa = PBXBuildFile; fileRef = DA15433A1EA99B5100C2EE0B /* libstdc++.tbd */; };
		DA6731CE1E8E47C400234F32 /* JSHookUtility.h in Headers */ = {isa = PBXBuildFile; fileRef = DA6731CC1E8E47C400234F32 /* JSHookUtility.h */; };
		DA6731CF1E8E47C400234F32 /* JSHookUtility.m in Sources */ = {isa = PBXBuildFile; fileRef = DA6731CD1E8E47C400234F32 /* JSHookUtility.m */; };
		DA6731D01E8E47C400234F32 /* JSHookUtility.m in Sources */ = {isa = PBXBuildFile; fileRef = DA6731CD1E8E47C400234F32 /* JSHookUtility.m */; };
		DA6731D31E8E488D00234F32 /* Aspects.h in Headers */ = {isa = PBXBuildFile; fileRef = DA6731D11E8E488D00234F32 /* Aspects.h */; };
		DA6731D41E8E488D00234F32 /* Aspects.m in Sources */ = {isa = PBXBuildFile; fileRef = DA6731D21E8E488D00234F32 /* Aspects.m */; };
		DA6731D51E8E488D00234F32 /* Aspects.m in Sources */ = {isa = PBXBuildFile; fileRef = DA6731D21E8E488D00234F32 /* Aspects.m */; };
		DACB93831E8A7265006CDCF8 /* libstdc++.6.0.9.tbd in Frameworks */ = {isa = PBXBuildFile; fileRef = DACB93811E8A721F006CDCF8 /* libstdc++.6.0.9.tbd */; };
/* End PBXBuildFile section */

/* Begin PBXContainerItemProxy section */
		C6B263601E7BCC65009B4DEA /* PBXContainerItemProxy */ = {
			isa = PBXContainerItemProxy;
			containerPortal = C6B262FE1E7BC97B009B4DEA /* Project object */;
			proxyType = 1;
			remoteGlobalIDString = C6B263061E7BC97B009B4DEA;
			remoteInfo = IPAPatch;
		};
/* End PBXContainerItemProxy section */

/* Begin PBXFileReference section */
		C63AC1A21E838BB70094B1C5 /* fishhook.c */ = {isa = PBXFileReference; fileEncoding = 4; lastKnownFileType = sourcecode.c.c; path = fishhook.c; sourceTree = "<group>"; };
		C63AC1A31E838BB70094B1C5 /* fishhook.h */ = {isa = PBXFileReference; fileEncoding = 4; lastKnownFileType = sourcecode.c.h; path = fishhook.h; sourceTree = "<group>"; };
		C63AC1A41E838BB70094B1C5 /* LICENSE */ = {isa = PBXFileReference; fileEncoding = 4; lastKnownFileType = text; path = LICENSE; sourceTree = "<group>"; };
		C63AC1A81E8392210094B1C5 /* IPAPatchBypassAntiDebugging.h */ = {isa = PBXFileReference; fileEncoding = 4; lastKnownFileType = sourcecode.c.h; path = IPAPatchBypassAntiDebugging.h; sourceTree = "<group>"; };
		C63AC1A91E8392210094B1C5 /* IPAPatchBypassAntiDebugging.m */ = {isa = PBXFileReference; fileEncoding = 4; lastKnownFileType = sourcecode.c.objc; path = IPAPatchBypassAntiDebugging.m; sourceTree = "<group>"; };
		C64288371E7BF9E900C0BBB0 /* ProjectConfigurationWarning.cpp */ = {isa = PBXFileReference; fileEncoding = 4; lastKnownFileType = sourcecode.cpp.cpp; path = ProjectConfigurationWarning.cpp; sourceTree = "<group>"; };
		C64288381E7BF9E900C0BBB0 /* ProjectConfigurationWarning.hpp */ = {isa = PBXFileReference; fileEncoding = 4; lastKnownFileType = sourcecode.cpp.h; path = ProjectConfigurationWarning.hpp; sourceTree = "<group>"; };
		C699596F1E83C4B4008DBCE6 /* Cycript.framework */ = {isa = PBXFileReference; lastKnownFileType = wrapper.framework; path = Cycript.framework; sourceTree = "<group>"; };
		C69959721E83C4F9008DBCE6 /* libc++.tbd */ = {isa = PBXFileReference; lastKnownFileType = "sourcecode.text-based-dylib-definition"; name = "libc++.tbd"; path = "usr/lib/libc++.tbd"; sourceTree = SDKROOT; };
		C69959741E83C500008DBCE6 /* JavaScriptCore.framework */ = {isa = PBXFileReference; lastKnownFileType = wrapper.framework; name = JavaScriptCore.framework; path = System/Library/Frameworks/JavaScriptCore.framework; sourceTree = SDKROOT; };
		C69959761E83C508008DBCE6 /* libsqlite3.tbd */ = {isa = PBXFileReference; lastKnownFileType = "sourcecode.text-based-dylib-definition"; name = libsqlite3.tbd; path = usr/lib/libsqlite3.tbd; sourceTree = SDKROOT; };
		C69959781E83C87E008DBCE6 /* UIKit.framework */ = {isa = PBXFileReference; lastKnownFileType = wrapper.framework; name = UIKit.framework; path = System/Library/Frameworks/UIKit.framework; sourceTree = SDKROOT; };
		C6B263071E7BC97B009B4DEA /* IPAPatch.framework */ = {isa = PBXFileReference; explicitFileType = wrapper.framework; includeInIndex = 0; path = IPAPatch.framework; sourceTree = BUILT_PRODUCTS_DIR; };
		C6B2630B1E7BC97B009B4DEA /* Info.plist */ = {isa = PBXFileReference; lastKnownFileType = text.plist.xml; path = Info.plist; sourceTree = "<group>"; };
		C6B263251E7BC9DF009B4DEA /* IPAPatchEntry.h */ = {isa = PBXFileReference; fileEncoding = 4; lastKnownFileType = sourcecode.c.h; path = IPAPatchEntry.h; sourceTree = "<group>"; };
		C6B263261E7BC9DF009B4DEA /* IPAPatchEntry.mm */ = {isa = PBXFileReference; fileEncoding = 4; lastKnownFileType = sourcecode.cpp.objcpp; path = IPAPatchEntry.mm; sourceTree = "<group>"; };
		C6B263491E7BCB31009B4DEA /* IPAPatch-DummyApp.app */ = {isa = PBXFileReference; explicitFileType = wrapper.application; includeInIndex = 0; path = "IPAPatch-DummyApp.app"; sourceTree = BUILT_PRODUCTS_DIR; };
		C6B2634C1E7BCB31009B4DEA /* main.m */ = {isa = PBXFileReference; lastKnownFileType = sourcecode.c.objc; path = main.m; sourceTree = "<group>"; };
		C6B2634E1E7BCB31009B4DEA /* AppDelegate.h */ = {isa = PBXFileReference; lastKnownFileType = sourcecode.c.h; path = AppDelegate.h; sourceTree = "<group>"; };
		C6B2634F1E7BCB31009B4DEA /* AppDelegate.m */ = {isa = PBXFileReference; lastKnownFileType = sourcecode.c.objc; path = AppDelegate.m; sourceTree = "<group>"; };
		C6B2635C1E7BCB31009B4DEA /* Info.plist */ = {isa = PBXFileReference; lastKnownFileType = text.plist.xml; path = Info.plist; sourceTree = "<group>"; };
		C6B263621E7BCD03009B4DEA /* patch.sh */ = {isa = PBXFileReference; lastKnownFileType = text.script.sh; path = patch.sh; sourceTree = "<group>"; };
		DA1543321EA99B2800C2EE0B /* libc++.1.tbd */ = {isa = PBXFileReference; lastKnownFileType = "sourcecode.text-based-dylib-definition"; name = "libc++.1.tbd"; path = "usr/lib/libc++.1.tbd"; sourceTree = SDKROOT; };
		DA1543351EA99B3A00C2EE0B /* libc++abi.tbd */ = {isa = PBXFileReference; lastKnownFileType = "sourcecode.text-based-dylib-definition"; name = "libc++abi.tbd"; path = "usr/lib/libc++abi.tbd"; sourceTree = SDKROOT; };
		DA1543381EA99B4B00C2EE0B /* libstdc++.6.tbd */ = {isa = PBXFileReference; lastKnownFileType = "sourcecode.text-based-dylib-definition"; name = "libstdc++.6.tbd"; path = "usr/lib/libstdc++.6.tbd"; sourceTree = SDKROOT; };
		DA15433A1EA99B5100C2EE0B /* libstdc++.tbd */ = {isa = PBXFileReference; lastKnownFileType = "sourcecode.text-based-dylib-definition"; name = "libstdc++.tbd"; path = "usr/lib/libstdc++.tbd"; sourceTree = SDKROOT; };
		DA6731CC1E8E47C400234F32 /* JSHookUtility.h */ = {isa = PBXFileReference; fileEncoding = 4; lastKnownFileType = sourcecode.c.h; path = JSHookUtility.h; sourceTree = "<group>"; };
		DA6731CD1E8E47C400234F32 /* JSHookUtility.m */ = {isa = PBXFileReference; fileEncoding = 4; lastKnownFileType = sourcecode.c.objc; path = JSHookUtility.m; sourceTree = "<group>"; };
		DA6731D11E8E488D00234F32 /* Aspects.h */ = {isa = PBXFileReference; fileEncoding = 4; lastKnownFileType = sourcecode.c.h; path = Aspects.h; sourceTree = "<group>"; };
		DA6731D21E8E488D00234F32 /* Aspects.m */ = {isa = PBXFileReference; fileEncoding = 4; lastKnownFileType = sourcecode.c.objc; path = Aspects.m; sourceTree = "<group>"; };
		DA6731E51E8E57C900234F32 /* libdl.tbd */ = {isa = PBXFileReference; lastKnownFileType = "sourcecode.text-based-dylib-definition"; name = libdl.tbd; path = usr/lib/libdl.tbd; sourceTree = SDKROOT; };
		DA8C7FB11E9C854500DCF814 /* IPAPatch-DummyApp.entitlements */ = {isa = PBXFileReference; lastKnownFileType = text.plist.entitlements; path = "IPAPatch-DummyApp.entitlements"; sourceTree = "<group>"; };
		DACB93811E8A721F006CDCF8 /* libstdc++.6.0.9.tbd */ = {isa = PBXFileReference; lastKnownFileType = "sourcecode.text-based-dylib-definition"; name = "libstdc++.6.0.9.tbd"; path = "usr/lib/libstdc++.6.0.9.tbd"; sourceTree = SDKROOT; };
/* End PBXFileReference section */

/* Begin PBXFrameworksBuildPhase section */
		C6B263031E7BC97B009B4DEA /* Frameworks */ = {
			isa = PBXFrameworksBuildPhase;
			buildActionMask = 2147483647;
			files = (
				DACB93831E8A7265006CDCF8 /* libstdc++.6.0.9.tbd in Frameworks */,
				C69959791E83C87E008DBCE6 /* UIKit.framework in Frameworks */,
				C69959771E83C508008DBCE6 /* libsqlite3.tbd in Frameworks */,
				C69959751E83C500008DBCE6 /* JavaScriptCore.framework in Frameworks */,
				C69959731E83C4F9008DBCE6 /* libc++.tbd in Frameworks */,
				C69959701E83C4B4008DBCE6 /* Cycript.framework in Frameworks */,
			);
			runOnlyForDeploymentPostprocessing = 0;
		};
		C6B263461E7BCB31009B4DEA /* Frameworks */ = {
			isa = PBXFrameworksBuildPhase;
			buildActionMask = 2147483647;
			files = (
				DA15433B1EA99B5100C2EE0B /* libstdc++.tbd in Frameworks */,
				DA1543391EA99B4B00C2EE0B /* libstdc++.6.tbd in Frameworks */,
				DA1543371EA99B4600C2EE0B /* libstdc++.6.0.9.tbd in Frameworks */,
				DA1543361EA99B3A00C2EE0B /* libc++abi.tbd in Frameworks */,
				DA1543341EA99B3100C2EE0B /* libc++.tbd in Frameworks */,
				DA1543331EA99B2800C2EE0B /* libc++.1.tbd in Frameworks */,
			);
			runOnlyForDeploymentPostprocessing = 0;
		};
/* End PBXFrameworksBuildPhase section */

/* Begin PBXGroup section */
		C63AC1A01E838B8E0094B1C5 /* Vendors */ = {
			isa = PBXGroup;
			children = (
				C63AC1A11E838BB70094B1C5 /* fishhook */,
			);
			path = Vendors;
			sourceTree = "<group>";
		};
		C63AC1A11E838BB70094B1C5 /* fishhook */ = {
			isa = PBXGroup;
			children = (
				C63AC1A31E838BB70094B1C5 /* fishhook.h */,
				C63AC1A21E838BB70094B1C5 /* fishhook.c */,
				C63AC1A41E838BB70094B1C5 /* LICENSE */,
			);
			path = fishhook;
			sourceTree = "<group>";
		};
		C69959711E83C4F8008DBCE6 /* Frameworks */ = {
			isa = PBXGroup;
			children = (
				DA15433A1EA99B5100C2EE0B /* libstdc++.tbd */,
				DA1543381EA99B4B00C2EE0B /* libstdc++.6.tbd */,
				DA1543351EA99B3A00C2EE0B /* libc++abi.tbd */,
				DA1543321EA99B2800C2EE0B /* libc++.1.tbd */,
				DA6731E51E8E57C900234F32 /* libdl.tbd */,
				DACB93811E8A721F006CDCF8 /* libstdc++.6.0.9.tbd */,
				C69959781E83C87E008DBCE6 /* UIKit.framework */,
				C69959761E83C508008DBCE6 /* libsqlite3.tbd */,
				C69959741E83C500008DBCE6 /* JavaScriptCore.framework */,
				C69959721E83C4F9008DBCE6 /* libc++.tbd */,
			);
			name = Frameworks;
			sourceTree = "<group>";
		};
		C6B262FD1E7BC97B009B4DEA = {
			isa = PBXGroup;
			children = (
				C6B263091E7BC97B009B4DEA /* IPAPatch */,
				C6B263291E7BCA86009B4DEA /* Tools */,
				C6B2634A1E7BCB31009B4DEA /* IPAPatch-DummyApp */,
				C6B263081E7BC97B009B4DEA /* Products */,
				C69959711E83C4F8008DBCE6 /* Frameworks */,
			);
			sourceTree = "<group>";
		};
		C6B263081E7BC97B009B4DEA /* Products */ = {
			isa = PBXGroup;
			children = (
				C6B263071E7BC97B009B4DEA /* IPAPatch.framework */,
				C6B263491E7BCB31009B4DEA /* IPAPatch-DummyApp.app */,
			);
			name = Products;
			sourceTree = "<group>";
		};
		C6B263091E7BC97B009B4DEA /* IPAPatch */ = {
			isa = PBXGroup;
			children = (
				C63AC1A01E838B8E0094B1C5 /* Vendors */,
				C6B2630B1E7BC97B009B4DEA /* Info.plist */,
				DA6731D11E8E488D00234F32 /* Aspects.h */,
				DA6731D21E8E488D00234F32 /* Aspects.m */,
				DA6731CC1E8E47C400234F32 /* JSHookUtility.h */,
				DA6731CD1E8E47C400234F32 /* JSHookUtility.m */,
				C6B263251E7BC9DF009B4DEA /* IPAPatchEntry.h */,
				C6B263261E7BC9DF009B4DEA /* IPAPatchEntry.mm */,
				C63AC1A81E8392210094B1C5 /* IPAPatchBypassAntiDebugging.h */,
				C63AC1A91E8392210094B1C5 /* IPAPatchBypassAntiDebugging.m */,
				C699596F1E83C4B4008DBCE6 /* Cycript.framework */,
			);
			path = IPAPatch;
			sourceTree = "<group>";
		};
		C6B263291E7BCA86009B4DEA /* Tools */ = {
			isa = PBXGroup;
			children = (
				C6B263621E7BCD03009B4DEA /* patch.sh */,
			);
			path = Tools;
			sourceTree = "<group>";
		};
		C6B2634A1E7BCB31009B4DEA /* IPAPatch-DummyApp */ = {
			isa = PBXGroup;
			children = (
				DA8C7FB11E9C854500DCF814 /* IPAPatch-DummyApp.entitlements */,
				C6B2634E1E7BCB31009B4DEA /* AppDelegate.h */,
				C6B2634F1E7BCB31009B4DEA /* AppDelegate.m */,
				C64288381E7BF9E900C0BBB0 /* ProjectConfigurationWarning.hpp */,
				C64288371E7BF9E900C0BBB0 /* ProjectConfigurationWarning.cpp */,
				C6B2635C1E7BCB31009B4DEA /* Info.plist */,
				C6B2634B1E7BCB31009B4DEA /* Supporting Files */,
			);
			path = "IPAPatch-DummyApp";
			sourceTree = "<group>";
		};
		C6B2634B1E7BCB31009B4DEA /* Supporting Files */ = {
			isa = PBXGroup;
			children = (
				C6B2634C1E7BCB31009B4DEA /* main.m */,
			);
			name = "Supporting Files";
			sourceTree = "<group>";
		};
/* End PBXGroup section */

/* Begin PBXHeadersBuildPhase section */
		C6B263041E7BC97B009B4DEA /* Headers */ = {
			isa = PBXHeadersBuildPhase;
			buildActionMask = 2147483647;
			files = (
				DA6731D31E8E488D00234F32 /* Aspects.h in Headers */,
				C6B263271E7BC9DF009B4DEA /* IPAPatchEntry.h in Headers */,
				C63AC1A61E838BB70094B1C5 /* fishhook.h in Headers */,
				C63AC1AA1E8392210094B1C5 /* IPAPatchBypassAntiDebugging.h in Headers */,
				DA6731CE1E8E47C400234F32 /* JSHookUtility.h in Headers */,
			);
			runOnlyForDeploymentPostprocessing = 0;
		};
/* End PBXHeadersBuildPhase section */

/* Begin PBXNativeTarget section */
		C6B263061E7BC97B009B4DEA /* IPAPatch */ = {
			isa = PBXNativeTarget;
			buildConfigurationList = C6B2631B1E7BC97B009B4DEA /* Build configuration list for PBXNativeTarget "IPAPatch" */;
			buildPhases = (
				C6B263021E7BC97B009B4DEA /* Sources */,
				C6B263031E7BC97B009B4DEA /* Frameworks */,
				C6B263041E7BC97B009B4DEA /* Headers */,
				C6B263051E7BC97B009B4DEA /* Resources */,
			);
			buildRules = (
			);
			dependencies = (
			);
			name = IPAPatch;
			productName = IPAPatch;
			productReference = C6B263071E7BC97B009B4DEA /* IPAPatch.framework */;
			productType = "com.apple.product-type.framework";
		};
		C6B263481E7BCB31009B4DEA /* IPAPatch-DummyApp */ = {
			isa = PBXNativeTarget;
			buildConfigurationList = C6B2635D1E7BCB31009B4DEA /* Build configuration list for PBXNativeTarget "IPAPatch-DummyApp" */;
			buildPhases = (
				C6B263451E7BCB31009B4DEA /* Sources */,
				C6B263461E7BCB31009B4DEA /* Frameworks */,
				C6B263471E7BCB31009B4DEA /* Resources */,
				C6B263631E7BD0B4009B4DEA /* ShellScript */,
			);
			buildRules = (
			);
			dependencies = (
				C6B263611E7BCC65009B4DEA /* PBXTargetDependency */,
			);
			name = "IPAPatch-DummyApp";
			productName = "IPAPatch-DummyApp";
			productReference = C6B263491E7BCB31009B4DEA /* IPAPatch-DummyApp.app */;
			productType = "com.apple.product-type.application";
		};
/* End PBXNativeTarget section */

/* Begin PBXProject section */
		C6B262FE1E7BC97B009B4DEA /* Project object */ = {
			isa = PBXProject;
			attributes = {
				LastUpgradeCheck = 0830;
				ORGANIZATIONNAME = Weibo;
				TargetAttributes = {
					C6B263061E7BC97B009B4DEA = {
						CreatedOnToolsVersion = 8.3;
						DevelopmentTeam = DZNJ4F4E32;
						ProvisioningStyle = Automatic;
					};
					C6B263481E7BCB31009B4DEA = {
						CreatedOnToolsVersion = 8.3;
						ProvisioningStyle = Manual;
						SystemCapabilities = {
							com.apple.Siri = {
								enabled = 1;
							};
						};
					};
				};
			};
			buildConfigurationList = C6B263011E7BC97B009B4DEA /* Build configuration list for PBXProject "IPAPatch" */;
			compatibilityVersion = "Xcode 3.2";
			developmentRegion = English;
			hasScannedForEncodings = 0;
			knownRegions = (
				en,
				Base,
			);
			mainGroup = C6B262FD1E7BC97B009B4DEA;
			productRefGroup = C6B263081E7BC97B009B4DEA /* Products */;
			projectDirPath = "";
			projectRoot = "";
			targets = (
				C6B263481E7BCB31009B4DEA /* IPAPatch-DummyApp */,
				C6B263061E7BC97B009B4DEA /* IPAPatch */,
			);
		};
/* End PBXProject section */

/* Begin PBXResourcesBuildPhase section */
		C6B263051E7BC97B009B4DEA /* Resources */ = {
			isa = PBXResourcesBuildPhase;
			buildActionMask = 2147483647;
			files = (
			);
			runOnlyForDeploymentPostprocessing = 0;
		};
		C6B263471E7BCB31009B4DEA /* Resources */ = {
			isa = PBXResourcesBuildPhase;
			buildActionMask = 2147483647;
			files = (
			);
			runOnlyForDeploymentPostprocessing = 0;
		};
/* End PBXResourcesBuildPhase section */

/* Begin PBXShellScriptBuildPhase section */
		C6B263631E7BD0B4009B4DEA /* ShellScript */ = {
			isa = PBXShellScriptBuildPhase;
			buildActionMask = 2147483647;
			files = (
			);
			inputPaths = (
			);
			outputPaths = (
			);
			runOnlyForDeploymentPostprocessing = 0;
			shellPath = /bin/sh;
			shellScript = "\"${SRCROOT}/Tools/patch.sh\"";
		};
/* End PBXShellScriptBuildPhase section */

/* Begin PBXSourcesBuildPhase section */
		C6B263021E7BC97B009B4DEA /* Sources */ = {
			isa = PBXSourcesBuildPhase;
			buildActionMask = 2147483647;
			files = (
				DA6731D51E8E488D00234F32 /* Aspects.m in Sources */,
				DA6731D01E8E47C400234F32 /* JSHookUtility.m in Sources */,
				C63AC1AB1E8392210094B1C5 /* IPAPatchBypassAntiDebugging.m in Sources */,
				C6B263281E7BC9DF009B4DEA /* IPAPatchEntry.mm in Sources */,
				C63AC1A51E838BB70094B1C5 /* fishhook.c in Sources */,
			);
			runOnlyForDeploymentPostprocessing = 0;
		};
		C6B263451E7BCB31009B4DEA /* Sources */ = {
			isa = PBXSourcesBuildPhase;
			buildActionMask = 2147483647;
			files = (
				DA6731D41E8E488D00234F32 /* Aspects.m in Sources */,
				DA6731CF1E8E47C400234F32 /* JSHookUtility.m in Sources */,
				C64288391E7BF9E900C0BBB0 /* ProjectConfigurationWarning.cpp in Sources */,
				C6B263501E7BCB31009B4DEA /* AppDelegate.m in Sources */,
				C6B2634D1E7BCB31009B4DEA /* main.m in Sources */,
			);
			runOnlyForDeploymentPostprocessing = 0;
		};
/* End PBXSourcesBuildPhase section */

/* Begin PBXTargetDependency section */
		C6B263611E7BCC65009B4DEA /* PBXTargetDependency */ = {
			isa = PBXTargetDependency;
			target = C6B263061E7BC97B009B4DEA /* IPAPatch */;
			targetProxy = C6B263601E7BCC65009B4DEA /* PBXContainerItemProxy */;
		};
/* End PBXTargetDependency section */

/* Begin XCBuildConfiguration section */
		C6B263191E7BC97B009B4DEA /* Debug */ = {
			isa = XCBuildConfiguration;
			buildSettings = {
				ALWAYS_SEARCH_USER_PATHS = NO;
				CLANG_ANALYZER_NONNULL = YES;
				CLANG_ANALYZER_NUMBER_OBJECT_CONVERSION = YES_AGGRESSIVE;
				CLANG_CXX_LANGUAGE_STANDARD = "gnu++0x";
				CLANG_CXX_LIBRARY = "libc++";
				CLANG_ENABLE_MODULES = YES;
				CLANG_ENABLE_OBJC_ARC = YES;
				CLANG_WARN_BOOL_CONVERSION = YES;
				CLANG_WARN_CONSTANT_CONVERSION = YES;
				CLANG_WARN_DIRECT_OBJC_ISA_USAGE = YES_ERROR;
				CLANG_WARN_DOCUMENTATION_COMMENTS = YES;
				CLANG_WARN_EMPTY_BODY = YES;
				CLANG_WARN_ENUM_CONVERSION = YES;
				CLANG_WARN_INFINITE_RECURSION = YES;
				CLANG_WARN_INT_CONVERSION = YES;
				CLANG_WARN_OBJC_ROOT_CLASS = YES_ERROR;
				CLANG_WARN_SUSPICIOUS_MOVE = YES;
				CLANG_WARN_UNREACHABLE_CODE = YES;
				CLANG_WARN__DUPLICATE_METHOD_MATCH = YES;
				"CODE_SIGN_IDENTITY[sdk=iphoneos*]" = "iPhone Developer";
				COPY_PHASE_STRIP = NO;
				CURRENT_PROJECT_VERSION = 1;
				DEBUG_INFORMATION_FORMAT = dwarf;
				ENABLE_STRICT_OBJC_MSGSEND = YES;
				ENABLE_TESTABILITY = YES;
				GCC_C_LANGUAGE_STANDARD = gnu99;
				GCC_DYNAMIC_NO_PIC = NO;
				GCC_NO_COMMON_BLOCKS = YES;
				GCC_OPTIMIZATION_LEVEL = 0;
				GCC_PREPROCESSOR_DEFINITIONS = (
					"DEBUG=1",
					"$(inherited)",
				);
				GCC_WARN_64_TO_32_BIT_CONVERSION = YES;
				GCC_WARN_ABOUT_RETURN_TYPE = YES_ERROR;
				GCC_WARN_UNDECLARED_SELECTOR = YES;
				GCC_WARN_UNINITIALIZED_AUTOS = YES_AGGRESSIVE;
				GCC_WARN_UNUSED_FUNCTION = YES;
				GCC_WARN_UNUSED_VARIABLE = YES;
				IPHONEOS_DEPLOYMENT_TARGET = 10.3;
				MTL_ENABLE_DEBUG_INFO = YES;
				ONLY_ACTIVE_ARCH = YES;
				SDKROOT = iphoneos;
				TARGETED_DEVICE_FAMILY = "1,2";
				VERSIONING_SYSTEM = "apple-generic";
				VERSION_INFO_PREFIX = "";
			};
			name = Debug;
		};
		C6B2631A1E7BC97B009B4DEA /* Release */ = {
			isa = XCBuildConfiguration;
			buildSettings = {
				ALWAYS_SEARCH_USER_PATHS = NO;
				CLANG_ANALYZER_NONNULL = YES;
				CLANG_ANALYZER_NUMBER_OBJECT_CONVERSION = YES_AGGRESSIVE;
				CLANG_CXX_LANGUAGE_STANDARD = "gnu++0x";
				CLANG_CXX_LIBRARY = "libc++";
				CLANG_ENABLE_MODULES = YES;
				CLANG_ENABLE_OBJC_ARC = YES;
				CLANG_WARN_BOOL_CONVERSION = YES;
				CLANG_WARN_CONSTANT_CONVERSION = YES;
				CLANG_WARN_DIRECT_OBJC_ISA_USAGE = YES_ERROR;
				CLANG_WARN_DOCUMENTATION_COMMENTS = YES;
				CLANG_WARN_EMPTY_BODY = YES;
				CLANG_WARN_ENUM_CONVERSION = YES;
				CLANG_WARN_INFINITE_RECURSION = YES;
				CLANG_WARN_INT_CONVERSION = YES;
				CLANG_WARN_OBJC_ROOT_CLASS = YES_ERROR;
				CLANG_WARN_SUSPICIOUS_MOVE = YES;
				CLANG_WARN_UNREACHABLE_CODE = YES;
				CLANG_WARN__DUPLICATE_METHOD_MATCH = YES;
				"CODE_SIGN_IDENTITY[sdk=iphoneos*]" = "iPhone Developer";
				COPY_PHASE_STRIP = NO;
				CURRENT_PROJECT_VERSION = 1;
				DEBUG_INFORMATION_FORMAT = "dwarf-with-dsym";
				ENABLE_NS_ASSERTIONS = NO;
				ENABLE_STRICT_OBJC_MSGSEND = YES;
				GCC_C_LANGUAGE_STANDARD = gnu99;
				GCC_NO_COMMON_BLOCKS = YES;
				GCC_WARN_64_TO_32_BIT_CONVERSION = YES;
				GCC_WARN_ABOUT_RETURN_TYPE = YES_ERROR;
				GCC_WARN_UNDECLARED_SELECTOR = YES;
				GCC_WARN_UNINITIALIZED_AUTOS = YES_AGGRESSIVE;
				GCC_WARN_UNUSED_FUNCTION = YES;
				GCC_WARN_UNUSED_VARIABLE = YES;
				IPHONEOS_DEPLOYMENT_TARGET = 10.3;
				MTL_ENABLE_DEBUG_INFO = NO;
				SDKROOT = iphoneos;
				TARGETED_DEVICE_FAMILY = "1,2";
				VALIDATE_PRODUCT = YES;
				VERSIONING_SYSTEM = "apple-generic";
				VERSION_INFO_PREFIX = "";
			};
			name = Release;
		};
		C6B2631C1E7BC97B009B4DEA /* Debug */ = {
			isa = XCBuildConfiguration;
			buildSettings = {
				CODE_SIGN_IDENTITY = "";
				DEFINES_MODULE = NO;
				DEVELOPMENT_TEAM = DZNJ4F4E32;
				DYLIB_COMPATIBILITY_VERSION = 1;
				DYLIB_CURRENT_VERSION = 1;
				DYLIB_INSTALL_NAME_BASE = "@rpath";
				ENABLE_BITCODE = NO;
				FRAMEWORK_SEARCH_PATHS = (
					"$(inherited)",
					"$(PROJECT_DIR)/IPAPatch",
				);
				INFOPLIST_FILE = IPAPatch/Info.plist;
				INSTALL_PATH = "$(LOCAL_LIBRARY_DIR)/Frameworks";
				LD_RUNPATH_SEARCH_PATHS = "$(inherited) @executable_path/Frameworks @loader_path/Frameworks";
				PRODUCT_BUNDLE_IDENTIFIER = com.52jiaoshi;
				PRODUCT_NAME = "$(TARGET_NAME)";
				SKIP_INSTALL = YES;
			};
			name = Debug;
		};
		C6B2631D1E7BC97B009B4DEA /* Release */ = {
			isa = XCBuildConfiguration;
			buildSettings = {
				CODE_SIGN_IDENTITY = "";
				DEFINES_MODULE = NO;
				DEVELOPMENT_TEAM = DZNJ4F4E32;
				DYLIB_COMPATIBILITY_VERSION = 1;
				DYLIB_CURRENT_VERSION = 1;
				DYLIB_INSTALL_NAME_BASE = "@rpath";
				ENABLE_BITCODE = NO;
				FRAMEWORK_SEARCH_PATHS = (
					"$(inherited)",
					"$(PROJECT_DIR)/IPAPatch",
				);
				INFOPLIST_FILE = IPAPatch/Info.plist;
				INSTALL_PATH = "$(LOCAL_LIBRARY_DIR)/Frameworks";
				LD_RUNPATH_SEARCH_PATHS = "$(inherited) @executable_path/Frameworks @loader_path/Frameworks";
				PRODUCT_BUNDLE_IDENTIFIER = com.52jiaoshi;
				PRODUCT_NAME = "$(TARGET_NAME)";
				SKIP_INSTALL = YES;
			};
			name = Release;
		};
		C6B2635E1E7BCB31009B4DEA /* Debug */ = {
			isa = XCBuildConfiguration;
			buildSettings = {
				CLANG_CXX_LANGUAGE_STANDARD = "c++14";
				CODE_SIGN_ENTITLEMENTS = "IPAPatch-DummyApp/IPAPatch-DummyApp.entitlements";
				DEVELOPMENT_TEAM = "";
				GCC_PREPROCESSOR_DEFINITIONS = (
					"DEBUG=1",
					"$(inherited)",
					"TARGET_BUNDLE_ID=$(PRODUCT_BUNDLE_IDENTIFIER)",
				);
				INFOPLIST_FILE = "IPAPatch-DummyApp/Info.plist";
				IPHONEOS_DEPLOYMENT_TARGET = 8.0;
				LD_RUNPATH_SEARCH_PATHS = "$(inherited) @executable_path/Frameworks";
				PRODUCT_BUNDLE_IDENTIFIER = com.test.gongji;
				PRODUCT_NAME = "$(TARGET_NAME)";
				PROVISIONING_PROFILE_SPECIFIER = "";
			};
			name = Debug;
		};
		C6B2635F1E7BCB31009B4DEA /* Release */ = {
			isa = XCBuildConfiguration;
			buildSettings = {
				CLANG_CXX_LANGUAGE_STANDARD = "c++14";
				CODE_SIGN_ENTITLEMENTS = "IPAPatch-DummyApp/IPAPatch-DummyApp.entitlements";
				DEVELOPMENT_TEAM = "";
				GCC_PREPROCESSOR_DEFINITIONS = "TARGET_BUNDLE_ID=$(PRODUCT_BUNDLE_IDENTIFIER)";
				INFOPLIST_FILE = "IPAPatch-DummyApp/Info.plist";
				IPHONEOS_DEPLOYMENT_TARGET = 8.0;
				LD_RUNPATH_SEARCH_PATHS = "$(inherited) @executable_path/Frameworks";
				PRODUCT_BUNDLE_IDENTIFIER = com.test.gongji;
				PRODUCT_NAME = "$(TARGET_NAME)";
				PROVISIONING_PROFILE_SPECIFIER = "";
			};
			name = Release;
		};
/* End XCBuildConfiguration section */

/* Begin XCConfigurationList section */
		C6B263011E7BC97B009B4DEA /* Build configuration list for PBXProject "IPAPatch" */ = {
			isa = XCConfigurationList;
			buildConfigurations = (
				C6B263191E7BC97B009B4DEA /* Debug */,
				C6B2631A1E7BC97B009B4DEA /* Release */,
			);
			defaultConfigurationIsVisible = 0;
			defaultConfigurationName = Release;
		};
		C6B2631B1E7BC97B009B4DEA /* Build configuration list for PBXNativeTarget "IPAPatch" */ = {
			isa = XCConfigurationList;
			buildConfigurations = (
				C6B2631C1E7BC97B009B4DEA /* Debug */,
				C6B2631D1E7BC97B009B4DEA /* Release */,
			);
			defaultConfigurationIsVisible = 0;
			defaultConfigurationName = Release;
		};
		C6B2635D1E7BCB31009B4DEA /* Build configuration list for PBXNativeTarget "IPAPatch-DummyApp" */ = {
			isa = XCConfigurationList;
			buildConfigurations = (
				C6B2635E1E7BCB31009B4DEA /* Debug */,
				C6B2635F1E7BCB31009B4DEA /* Release */,
			);
			defaultConfigurationIsVisible = 0;
			defaultConfigurationName = Release;
		};
/* End XCConfigurationList section */
	};
	rootObject = C6B262FE1E7BC97B009B4DEA /* Project object */;
}
